// !$*UTF8*$!
{
	archiveVersion = 1;
	classes = {
	};
	objectVersion = 46;
	objects = {

/* Begin PBXBuildFile section */
		BBC319A01B67E1E400E9CE5E /* main.m in Sources */ = {isa = PBXBuildFile; fileRef = BBC3199F1B67E1E400E9CE5E /* main.m */; };
		BBC319A31B67E1E400E9CE5E /* AppDelegate.m in Sources */ = {isa = PBXBuildFile; fileRef = BBC319A21B67E1E400E9CE5E /* AppDelegate.m */; };
		BBC319A61B67E1E400E9CE5E /* ViewController.m in Sources */ = {isa = PBXBuildFile; fileRef = BBC319A51B67E1E400E9CE5E /* ViewController.m */; };
		BBC319A91B67E1E400E9CE5E /* Main.storyboard in Resources */ = {isa = PBXBuildFile; fileRef = BBC319A71B67E1E400E9CE5E /* Main.storyboard */; };
		BBC319AB1B67E1E400E9CE5E /* Assets.xcassets in Resources */ = {isa = PBXBuildFile; fileRef = BBC319AA1B67E1E400E9CE5E /* Assets.xcassets */; };
		BBC319AE1B67E1E400E9CE5E /* LaunchScreen.storyboard in Resources */ = {isa = PBXBuildFile; fileRef = BBC319AC1B67E1E400E9CE5E /* LaunchScreen.storyboard */; };
		BBC319B61B67E29D00E9CE5E /* SafariServices.framework in Frameworks */ = {isa = PBXBuildFile; fileRef = BBC319B51B67E29D00E9CE5E /* SafariServices.framework */; };
		BBECA5BF1B721EB600820555 /* InfoPlist.strings in Resources */ = {isa = PBXBuildFile; fileRef = BBECA5BE1B721EB600820555 /* InfoPlist.strings */; };
/* End PBXBuildFile section */

/* Begin PBXFileReference section */
		BBC3199B1B67E1E400E9CE5E /* SFSafariViewControllerDemo.app */ = {isa = PBXFileReference; explicitFileType = wrapper.application; includeInIndex = 0; path = SFSafariViewControllerDemo.app; sourceTree = BUILT_PRODUCTS_DIR; };
		BBC3199F1B67E1E400E9CE5E /* main.m */ = {isa = PBXFileReference; lastKnownFileType = sourcecode.c.objc; path = main.m; sourceTree = "<group>"; };
		BBC319A11B67E1E400E9CE5E /* AppDelegate.h */ = {isa = PBXFileReference; lastKnownFileType = sourcecode.c.h; path = AppDelegate.h; sourceTree = "<group>"; };
		BBC319A21B67E1E400E9CE5E /* AppDelegate.m */ = {isa = PBXFileReference; lastKnownFileType = sourcecode.c.objc; path = AppDelegate.m; sourceTree = "<group>"; };
		BBC319A41B67E1E400E9CE5E /* ViewController.h */ = {isa = PBXFileReference; lastKnownFileType = sourcecode.c.h; path = ViewController.h; sourceTree = "<group>"; };
		BBC319A51B67E1E400E9CE5E /* ViewController.m */ = {isa = PBXFileReference; lastKnownFileType = sourcecode.c.objc; path = ViewController.m; sourceTree = "<group>"; };
		BBC319A81B67E1E400E9CE5E /* Base */ = {isa = PBXFileReference; lastKnownFileType = file.storyboard; name = Base; path = Base.lproj/Main.storyboard; sourceTree = "<group>"; };
		BBC319AA1B67E1E400E9CE5E /* Assets.xcassets */ = {isa = PBXFileReference; lastKnownFileType = folder.assetcatalog; path = Assets.xcassets; sourceTree = "<group>"; };
		BBC319AD1B67E1E400E9CE5E /* Base */ = {isa = PBXFileReference; lastKnownFileType = file.storyboard; name = Base; path = Base.lproj/LaunchScreen.storyboard; sourceTree = "<group>"; };
		BBC319AF1B67E1E400E9CE5E /* Info.plist */ = {isa = PBXFileReference; lastKnownFileType = text.plist.xml; path = Info.plist; sourceTree = "<group>"; };
		BBC319B51B67E29D00E9CE5E /* SafariServices.framework */ = {isa = PBXFileReference; lastKnownFileType = wrapper.framework; name = SafariServices.framework; path = System/Library/Frameworks/SafariServices.framework; sourceTree = SDKROOT; };
		BBECA5BE1B721EB600820555 /* InfoPlist.strings */ = {isa = PBXFileReference; fileEncoding = 4; lastKnownFileType = text.plist.strings; path = InfoPlist.strings; sourceTree = "<group>"; };
/* End PBXFileReference section */

/* Begin PBXFrameworksBuildPhase section */
		BBC319981B67E1E400E9CE5E /* Frameworks */ = {
			isa = PBXFrameworksBuildPhase;
			buildActionMask = 2147483647;
			files = (
				BBC319B61B67E29D00E9CE5E /* SafariServices.framework in Frameworks */,
			);
			runOnlyForDeploymentPostprocessing = 0;
		};
/* End PBXFrameworksBuildPhase section */

/* Begin PBXGroup section */
		BBC319921B67E1E400E9CE5E = {
			isa = PBXGroup;
			children = (
				BBC3199D1B67E1E400E9CE5E /* SFSafariViewControllerDemo */,
				BBC3199C1B67E1E400E9CE5E /* Products */,
			);
			sourceTree = "<group>";
		};
		BBC3199C1B67E1E400E9CE5E /* Products */ = {
			isa = PBXGroup;
			children = (
				BBC3199B1B67E1E400E9CE5E /* SFSafariViewControllerDemo.app */,
			);
			name = Products;
			sourceTree = "<group>";
		};
		BBC3199D1B67E1E400E9CE5E /* SFSafariViewControllerDemo */ = {
			isa = PBXGroup;
			children = (
				BBC319A11B67E1E400E9CE5E /* AppDelegate.h */,
				BBC319A21B67E1E400E9CE5E /* AppDelegate.m */,
				BBC319A41B67E1E400E9CE5E /* ViewController.h */,
				BBC319A51B67E1E400E9CE5E /* ViewController.m */,
				BBC319A71B67E1E400E9CE5E /* Main.storyboard */,
				BBC319AA1B67E1E400E9CE5E /* Assets.xcassets */,
				BBC319AC1B67E1E400E9CE5E /* LaunchScreen.storyboard */,
				BBC319AF1B67E1E400E9CE5E /* Info.plist */,
				BBECA5BE1B721EB600820555 /* InfoPlist.strings */,
				BBC3199E1B67E1E400E9CE5E /* Supporting Files */,
			);
			path = SFSafariViewControllerDemo;
			sourceTree = "<group>";
		};
		BBC3199E1B67E1E400E9CE5E /* Supporting Files */ = {
			isa = PBXGroup;
			children = (
				BBC3199F1B67E1E400E9CE5E /* main.m */,
				BBC319B51B67E29D00E9CE5E /* SafariServices.framework */,
			);
			name = "Supporting Files";
			sourceTree = "<group>";
		};
/* End PBXGroup section */

/* Begin PBXNativeTarget section */
		BBC3199A1B67E1E400E9CE5E /* SFSafariViewControllerDemo */ = {
			isa = PBXNativeTarget;
			buildConfigurationList = BBC319B21B67E1E400E9CE5E /* Build configuration list for PBXNativeTarget "SFSafariViewControllerDemo" */;
			buildPhases = (
				BBC319971B67E1E400E9CE5E /* Sources */,
				BBC319981B67E1E400E9CE5E /* Frameworks */,
				BBC319991B67E1E400E9CE5E /* Resources */,
			);
			buildRules = (
			);
			dependencies = (
			);
			name = SFSafariViewControllerDemo;
			productName = SFSafariViewControllerDemo;
			productReference = BBC3199B1B67E1E400E9CE5E /* SFSafariViewControllerDemo.app */;
			productType = "com.apple.product-type.application";
		};
/* End PBXNativeTarget section */

/* Begin PBXProject section */
		BBC319931B67E1E400E9CE5E /* Project object */ = {
			isa = PBXProject;
			attributes = {
				LastUpgradeCheck = 0700;
				ORGANIZATIONNAME = Kdanmobile;
				TargetAttributes = {
					BBC3199A1B67E1E400E9CE5E = {
						CreatedOnToolsVersion = 7.0;
					};
				};
			};
			buildConfigurationList = BBC319961B67E1E400E9CE5E /* Build configuration list for PBXProject "SFSafariViewControllerDemo" */;
			compatibilityVersion = "Xcode 3.2";
			developmentRegion = English;
			hasScannedForEncodings = 0;
			knownRegions = (
				en,
				Base,
			);
			mainGroup = BBC319921B67E1E400E9CE5E;
			productRefGroup = BBC3199C1B67E1E400E9CE5E /* Products */;
			projectDirPath = "";
			projectRoot = "";
			targets = (
				BBC3199A1B67E1E400E9CE5E /* SFSafariViewControllerDemo */,
			);
		};
/* End PBXProject section */

/* Begin PBXResourcesBuildPhase section */
		BBC319991B67E1E400E9CE5E /* Resources */ = {
			isa = PBXResourcesBuildPhase;
			buildActionMask = 2147483647;
			files = (
				BBC319AE1B67E1E400E9CE5E /* LaunchScreen.storyboard in Resources */,
				BBECA5BF1B721EB600820555 /* InfoPlist.strings in Resources */,
				BBC319AB1B67E1E400E9CE5E /* Assets.xcassets in Resources */,
				BBC319A91B67E1E400E9CE5E /* Main.storyboard in Resources */,
			);
			runOnlyForDeploymentPostprocessing = 0;
		};
/* End PBXResourcesBuildPhase section */

/* Begin PBXSourcesBuildPhase section */
		BBC319971B67E1E400E9CE5E /* Sources */ = {
			isa = PBXSourcesBuildPhase;
			buildActionMask = 2147483647;
			files = (
				BBC319A61B67E1E400E9CE5E /* ViewController.m in Sources */,
				BBC319A31B67E1E400E9CE5E /* AppDelegate.m in Sources */,
				BBC319A01B67E1E400E9CE5E /* main.m in Sources */,
			);
			runOnlyForDeploymentPostprocessing = 0;
		};
/* End PBXSourcesBuildPhase section */

/* Begin PBXVariantGroup section */
		BBC319A71B67E1E400E9CE5E /* Main.storyboard */ = {
			isa = PBXVariantGroup;
			children = (
				BBC319A81B67E1E400E9CE5E /* Base */,
			);
			name = Main.storyboard;
			sourceTree = "<group>";
		};
		BBC319AC1B67E1E400E9CE5E /* LaunchScreen.storyboard */ = {
			isa = PBXVariantGroup;
			children = (
				BBC319AD1B67E1E400E9CE5E /* Base */,
			);
			name = LaunchScreen.storyboard;
			sourceTree = "<group>";
		};
/* End PBXVariantGroup section */

/* Begin XCBuildConfiguration section */
		BBC319B01B67E1E400E9CE5E /* Debug */ = {
			isa = XCBuildConfiguration;
			buildSettings = {
				ALWAYS_SEARCH_USER_PATHS = NO;
				CLANG_CXX_LANGUAGE_STANDARD = "gnu++0x";
				CLANG_CXX_LIBRARY = "libc++";
				CLANG_ENABLE_MODULES = YES;
				CLANG_ENABLE_OBJC_ARC = YES;
				CLANG_WARN_BOOL_CONVERSION = YES;
				CLANG_WARN_CONSTANT_CONVERSION = YES;
				CLANG_WARN_DIRECT_OBJC_ISA_USAGE = YES_ERROR;
				CLANG_WARN_EMPTY_BODY = YES;
				CLANG_WARN_ENUM_CONVERSION = YES;
				CLANG_WARN_INT_CONVERSION = YES;
				CLANG_WARN_OBJC_ROOT_CLASS = YES_ERROR;
				CLANG_WARN_UNREACHABLE_CODE = YES;
				CLANG_WARN__DUPLICATE_METHOD_MATCH = YES;
				"CODE_SIGN_IDENTITY[sdk=iphoneos*]" = "iPhone Developer";
				COPY_PHASE_STRIP = NO;
				DEBUG_INFORMATION_FORMAT = dwarf;
				ENABLE_STRICT_OBJC_MSGSEND = YES;
				ENABLE_TESTABILITY = YES;
				GCC_C_LANGUAGE_STANDARD = gnu99;
				GCC_DYNAMIC_NO_PIC = NO;
				GCC_NO_COMMON_BLOCKS = YES;
				GCC_OPTIMIZATION_LEVEL = 0;
				GCC_PREPROCESSOR_DEFINITIONS = (
					"DEBUG=1",
					"$(inherited)",
				);
				GCC_WARN_64_TO_32_BIT_CONVERSION = YES;
				GCC_WARN_ABOUT_RETURN_TYPE = YES_ERROR;
				GCC_WARN_UNDECLARED_SELECTOR = YES;
				GCC_WARN_UNINITIALIZED_AUTOS = YES_AGGRESSIVE;
				GCC_WARN_UNUSED_FUNCTION = YES;
				GCC_WARN_UNUSED_VARIABLE = YES;
				IPHONEOS_DEPLOYMENT_TARGET = 9.0;
				MTL_ENABLE_DEBUG_INFO = YES;
				ONLY_ACTIVE_ARCH = YES;
				SDKROOT = iphoneos;
				TARGETED_DEVICE_FAMILY = "1,2";
			};
			name = Debug;
		};
		BBC319B11B67E1E400E9CE5E /* Release */ = {
			isa = XCBuildConfiguration;
			buildSettings = {
				ALWAYS_SEARCH_USER_PATHS = NO;
				CLANG_CXX_LANGUAGE_STANDARD = "gnu++0x";
				CLANG_CXX_LIBRARY = "libc++";
				CLANG_ENABLE_MODULES = YES;
				CLANG_ENABLE_OBJC_ARC = YES;
				CLANG_WARN_BOOL_CONVERSION = YES;
				CLANG_WARN_CONSTANT_CONVERSION = YES;
				CLANG_WARN_DIRECT_OBJC_ISA_USAGE = YES_ERROR;
				CLANG_WARN_EMPTY_BODY = YES;
				CLANG_WARN_ENUM_CONVERSION = YES;
				CLANG_WARN_INT_CONVERSION = YES;
				CLANG_WARN_OBJC_ROOT_CLASS = YES_ERROR;
				CLANG_WARN_UNREACHABLE_CODE = YES;
				CLANG_WARN__DUPLICATE_METHOD_MATCH = YES;
				"CODE_SIGN_IDENTITY[sdk=iphoneos*]" = "iPhone Developer";
				COPY_PHASE_STRIP = NO;
				DEBUG_INFORMATION_FORMAT = "dwarf-with-dsym";
				ENABLE_NS_ASSERTIONS = NO;
				ENABLE_STRICT_OBJC_MSGSEND = YES;
				GCC_C_LANGUAGE_STANDARD = gnu99;
				GCC_NO_COMMON_BLOCKS = YES;
				GCC_WARN_64_TO_32_BIT_CONVERSION = YES;
				GCC_WARN_ABOUT_RETURN_TYPE = YES_ERROR;
				GCC_WARN_UNDECLARED_SELECTOR = YES;
				GCC_WARN_UNINITIALIZED_AUTOS = YES_AGGRESSIVE;
				GCC_WARN_UNUSED_FUNCTION = YES;
				GCC_WARN_UNUSED_VARIABLE = YES;
				IPHONEOS_DEPLOYMENT_TARGET = 9.0;
				MTL_ENABLE_DEBUG_INFO = NO;
				SDKROOT = iphoneos;
				TARGETED_DEVICE_FAMILY = "1,2";
				VALIDATE_PRODUCT = YES;
			};
			name = Release;
		};
		BBC319B31B67E1E400E9CE5E /* Debug */ = {
			isa = XCBuildConfiguration;
			buildSettings = {
				ASSETCATALOG_COMPILER_APPICON_NAME = AppIcon;
				INFOPLIST_FILE = SFSafariViewControllerDemo/Info.plist;
				LD_RUNPATH_SEARCH_PATHS = "$(inherited) @executable_path/Frameworks";
				PRODUCT_BUNDLE_IDENTIFIER = Kdanmobile.SFSafariViewControllerDemo;
				PRODUCT_NAME = "$(TARGET_NAME)";
			};
			name = Debug;
		};
		BBC319B41B67E1E400E9CE5E /* Release */ = {
			isa = XCBuildConfiguration;
			buildSettings = {
				ASSETCATALOG_COMPILER_APPICON_NAME = AppIcon;
				INFOPLIST_FILE = SFSafariViewControllerDemo/Info.plist;
				LD_RUNPATH_SEARCH_PATHS = "$(inherited) @executable_path/Frameworks";
				PRODUCT_BUNDLE_IDENTIFIER = Kdanmobile.SFSafariViewControllerDemo;
				PRODUCT_NAME = "$(TARGET_NAME)";
			};
			name = Release;
		};
/* End XCBuildConfiguration section */

/* Begin XCConfigurationList section */
		BBC319961B67E1E400E9CE5E /* Build configuration list for PBXProject "SFSafariViewControllerDemo" */ = {
			isa = XCConfigurationList;
			buildConfigurations = (
				BBC319B01B67E1E400E9CE5E /* Debug */,
				BBC319B11B67E1E400E9CE5E /* Release */,
			);
			defaultConfigurationIsVisible = 0;
			defaultConfigurationName = Release;
		};
		BBC319B21B67E1E400E9CE5E /* Build configuration list for PBXNativeTarget "SFSafariViewControllerDemo" */ = {
			isa = XCConfigurationList;
			buildConfigurations = (
				BBC319B31B67E1E400E9CE5E /* Debug */,
				BBC319B41B67E1E400E9CE5E /* Release */,
			);
			defaultConfigurationIsVisible = 0;
			defaultConfigurationName = Release;
		};
/* End XCConfigurationList section */
	};
	rootObject = BBC319931B67E1E400E9CE5E /* Project object */;
}
